
Microsoft Visual Studio Solution File, Format Version 12.00
# Visual Studio Version 16
VisualStudioVersion = 16.0.29201.188
MinimumVisualStudioVersion = 10.0.40219.1
Project("{8BC9CEB8-8B4A-11D0-8D11-00A0C91BC942}") = "TrueAndFalse", "TrueAndFalse\TrueAndFalse.vcxproj", "{F5CDDEF6-BF30-4F01-93DC-006DB958D02A}"
EndProject
Global
	GlobalSection(SolutionConfigurationPlatforms) = preSolution
		Debug|x64 = Debug|x64
		Debug|x86 = Debug|x86
		Release|x64 = Release|x64
		Release|x86 = Release|x86
	EndGlobalSection
	GlobalSection(ProjectConfigurationPlatforms) = postSolution
		{F5CDDEF6-BF30-4F01-93DC-006DB958D02A}.Debug|x64.ActiveCfg = Debug|x64
		{F5CDDEF6-BF30-4F01-93DC-006DB958D02A}.Debug|x64.Build.0 = Debug|x64
		{F5CDDEF6-BF30-4F01-93DC-006DB958D02A}.Debug|x86.ActiveCfg = Debug|Win32
		{F5CDDEF6-BF30-4F01-93DC-006DB958D02A}.Debug|x86.Build.0 = Debug|Win32
		{F5CDDEF6-BF30-4F01-93DC-006DB958D02A}.Release|x64.ActiveCfg = Release|x64
		{F5CDDEF6-BF30-4F01-93DC-006DB958D02A}.Release|x64.Build.0 = Release|x64
		{F5CDDEF6-BF30-4F01-93DC-006DB958D02A}.Release|x86.ActiveCfg = Release|Win32
		{F5CDDEF6-BF30-4F01-93DC-006DB958D02A}.Release|x86.Build.0 = Release|Win32
	EndGlobalSection
	GlobalSection(SolutionProperties) = preSolution
		HideSolutionNode = FALSE
	EndGlobalSection
	GlobalSection(ExtensibilityGlobals) = postSolution
		SolutionGuid = {BE6701A3-C525-402B-A5EF-942F927433F9}
	EndGlobalSection
EndGlobal
